# This file is generated by running "yarn install" inside your project.
# Manual changes might be lost - proceed with caution!

__metadata:
  version: 5
  cacheKey: 8

"esbuild-android-arm64@npm:0.14.9":
  version: 0.14.9
  resolution: "esbuild-android-arm64@npm:0.14.9"
  conditions: os=android & cpu=arm64
  languageName: node
  linkType: hard

"esbuild-darwin-64@npm:0.14.9":
  version: 0.14.9
  resolution: "esbuild-darwin-64@npm:0.14.9"
  conditions: os=darwin & cpu=x64
  languageName: node
  linkType: hard

"esbuild-darwin-arm64@npm:0.14.9":
  version: 0.14.9
  resolution: "esbuild-darwin-arm64@npm:0.14.9"
  conditions: os=darwin & cpu=arm64
  languageName: node
  linkType: hard

"esbuild-freebsd-64@npm:0.14.9":
  version: 0.14.9
  resolution: "esbuild-freebsd-64@npm:0.14.9"
  conditions: os=freebsd & cpu=x64
  languageName: node
  linkType: hard

"esbuild-freebsd-arm64@npm:0.14.9":
  version: 0.14.9
  resolution: "esbuild-freebsd-arm64@npm:0.14.9"
  conditions: os=freebsd & cpu=arm64
  languageName: node
  linkType: hard

"esbuild-linux-32@npm:0.14.9":
  version: 0.14.9
  resolution: "esbuild-linux-32@npm:0.14.9"
  conditions: os=linux & cpu=ia32
  languageName: node
  linkType: hard

"esbuild-linux-64@npm:0.14.9":
  version: 0.14.9
  resolution: "esbuild-linux-64@npm:0.14.9"
  conditions: os=linux & cpu=x64
  languageName: node
  linkType: hard

"esbuild-linux-arm64@npm:0.14.9":
  version: 0.14.9
  resolution: "esbuild-linux-arm64@npm:0.14.9"
  conditions: os=linux & cpu=arm64
  languageName: node
  linkType: hard

"esbuild-linux-arm@npm:0.14.9":
  version: 0.14.9
  resolution: "esbuild-linux-arm@npm:0.14.9"
  conditions: os=linux & cpu=arm
  languageName: node
  linkType: hard

"esbuild-linux-mips64le@npm:0.14.9":
  version: 0.14.9
  resolution: "esbuild-linux-mips64le@npm:0.14.9"
  conditions: os=linux & cpu=mips64el
  languageName: node
  linkType: hard

"esbuild-linux-ppc64le@npm:0.14.9":
  version: 0.14.9
  resolution: "esbuild-linux-ppc64le@npm:0.14.9"
  conditions: os=linux & cpu=ppc64
  languageName: node
  linkType: hard

"esbuild-linux-s390x@npm:0.14.9":
  version: 0.14.9
  resolution: "esbuild-linux-s390x@npm:0.14.9"
  conditions: os=linux & cpu=s390x
  languageName: node
  linkType: hard

"esbuild-netbsd-64@npm:0.14.9":
  version: 0.14.9
  resolution: "esbuild-netbsd-64@npm:0.14.9"
  conditions: os=netbsd & cpu=x64
  languageName: node
  linkType: hard

"esbuild-openbsd-64@npm:0.14.9":
  version: 0.14.9
  resolution: "esbuild-openbsd-64@npm:0.14.9"
  conditions: os=openbsd & cpu=x64
  languageName: node
  linkType: hard

"esbuild-sunos-64@npm:0.14.9":
  version: 0.14.9
  resolution: "esbuild-sunos-64@npm:0.14.9"
  conditions: os=sunos & cpu=x64
  languageName: node
  linkType: hard

"esbuild-windows-32@npm:0.14.9":
  version: 0.14.9
  resolution: "esbuild-windows-32@npm:0.14.9"
  conditions: os=win32 & cpu=ia32
  languageName: node
  linkType: hard

"esbuild-windows-64@npm:0.14.9":
  version: 0.14.9
  resolution: "esbuild-windows-64@npm:0.14.9"
  conditions: os=win32 & cpu=x64
  languageName: node
  linkType: hard

"esbuild-windows-arm64@npm:0.14.9":
  version: 0.14.9
  resolution: "esbuild-windows-arm64@npm:0.14.9"
  conditions: os=win32 & cpu=arm64
  languageName: node
  linkType: hard

"esbuild@npm:^0.14.9":
  version: 0.14.9
  resolution: "esbuild@npm:0.14.9"
  dependencies:
    esbuild-android-arm64: 0.14.9
    esbuild-darwin-64: 0.14.9
    esbuild-darwin-arm64: 0.14.9
    esbuild-freebsd-64: 0.14.9
    esbuild-freebsd-arm64: 0.14.9
    esbuild-linux-32: 0.14.9
    esbuild-linux-64: 0.14.9
    esbuild-linux-arm: 0.14.9
    esbuild-linux-arm64: 0.14.9
    esbuild-linux-mips64le: 0.14.9
    esbuild-linux-ppc64le: 0.14.9
    esbuild-linux-s390x: 0.14.9
    esbuild-netbsd-64: 0.14.9
    esbuild-openbsd-64: 0.14.9
    esbuild-sunos-64: 0.14.9
    esbuild-windows-32: 0.14.9
    esbuild-windows-64: 0.14.9
    esbuild-windows-arm64: 0.14.9
  dependenciesMeta:
    esbuild-android-arm64:
      optional: true
    esbuild-darwin-64:
      optional: true
    esbuild-darwin-arm64:
      optional: true
    esbuild-freebsd-64:
      optional: true
    esbuild-freebsd-arm64:
      optional: true
    esbuild-linux-32:
      optional: true
    esbuild-linux-64:
      optional: true
    esbuild-linux-arm:
      optional: true
    esbuild-linux-arm64:
      optional: true
    esbuild-linux-mips64le:
      optional: true
    esbuild-linux-ppc64le:
      optional: true
    esbuild-linux-s390x:
      optional: true
    esbuild-netbsd-64:
      optional: true
    esbuild-openbsd-64:
      optional: true
    esbuild-sunos-64:
      optional: true
    esbuild-windows-32:
      optional: true
    esbuild-windows-64:
      optional: true
    esbuild-windows-arm64:
      optional: true
  bin:
    esbuild: bin/esbuild
  checksum: 43664678c2ce281ad0ab4896bca65f461cd617d7b807b0c737540d3c46928c305f6c91c211e2866aac4aade48e61bd19875e3571c0d3e2cf49b2cdbf4c241d97
  languageName: node
  linkType: hard

"esbuild@workspace:.":
  version: 0.0.0-use.local
  resolution: "esbuild@workspace:."
  dependencies:
    esbuild: ^0.14.9
  languageName: unknown
  linkType: soft
